// !$*UTF8*$!
{
	archiveVersion = 1;
	classes = {
	};
	objectVersion = 50;
	objects = {

/* Begin PBXBuildFile section */
		DA0BC064251D5FCC0023B505 /* AV.swift in Sources */ = {isa = PBXBuildFile; fileRef = DA0BC062251D5FCC0023B505 /* AV.swift */; };
		DA0BC065251D5FCC0023B505 /* Camera.swift in Sources */ = {isa = PBXBuildFile; fileRef = DA0BC063251D5FCC0023B505 /* Camera.swift */; };
		DA0BC06C251D77670023B505 /* GameScene.swift in Sources */ = {isa = PBXBuildFile; fileRef = DA0BC06B251D77670023B505 /* GameScene.swift */; };
		DA324039251A726200E630F3 /* TextButton.swift in Sources */ = {isa = PBXBuildFile; fileRef = DA324038251A726200E630F3 /* TextButton.swift */; };
		DA32403D251A72B500E630F3 /* RepeatButton.swift in Sources */ = {isa = PBXBuildFile; fileRef = DA32403C251A72B500E630F3 /* RepeatButton.swift */; };
		DA324040251A733400E630F3 /* WeightScale.swift in Sources */ = {isa = PBXBuildFile; fileRef = DA32403F251A733400E630F3 /* WeightScale.swift */; };
		DA324048251A74A800E630F3 /* HomeView.swift in Sources */ = {isa = PBXBuildFile; fileRef = DA324047251A74A800E630F3 /* HomeView.swift */; };
		DA3F71B0251E6B9F00C617F5 /* art.scnassets in Resources */ = {isa = PBXBuildFile; fileRef = DA3F71AF251E6B9F00C617F5 /* art.scnassets */; };
		DA8F3EBB2518091200AA9234 /* BalancaApp.swift in Sources */ = {isa = PBXBuildFile; fileRef = DA8F3EBA2518091200AA9234 /* BalancaApp.swift */; };
		DA8F3EBD2518091200AA9234 /* ContentView.swift in Sources */ = {isa = PBXBuildFile; fileRef = DA8F3EBC2518091200AA9234 /* ContentView.swift */; };
		DA8F3EBF2518091400AA9234 /* Assets.xcassets in Resources */ = {isa = PBXBuildFile; fileRef = DA8F3EBE2518091400AA9234 /* Assets.xcassets */; };
		DA8F3EC22518091400AA9234 /* Preview Assets.xcassets in Resources */ = {isa = PBXBuildFile; fileRef = DA8F3EC12518091400AA9234 /* Preview Assets.xcassets */; };
		DA953E0E251A66AE0058ED36 /* ARViewController.swift in Sources */ = {isa = PBXBuildFile; fileRef = DA953E0D251A66AE0058ED36 /* ARViewController.swift */; };
		DA96488D251E6D7E001B4CBF /* SKViewWrapper.swift in Sources */ = {isa = PBXBuildFile; fileRef = DA96488C251E6D7E001B4CBF /* SKViewWrapper.swift */; };
		DA964895251E6F03001B4CBF /* ARViewWrapper.swift in Sources */ = {isa = PBXBuildFile; fileRef = DA964894251E6F03001B4CBF /* ARViewWrapper.swift */; };
		DAA7DD3C252126480036666B /* Calculator.swift in Sources */ = {isa = PBXBuildFile; fileRef = DAA7DD3B252126480036666B /* Calculator.swift */; };
		DAA7DD40252127AE0036666B /* DAO.swift in Sources */ = {isa = PBXBuildFile; fileRef = DAA7DD3F252127AE0036666B /* DAO.swift */; };
		DAA7DD4425212F500036666B /* SpriteKitView.swift in Sources */ = {isa = PBXBuildFile; fileRef = DAA7DD4325212F500036666B /* SpriteKitView.swift */; };
/* End PBXBuildFile section */

/* Begin PBXFileReference section */
		DA0BC062251D5FCC0023B505 /* AV.swift */ = {isa = PBXFileReference; fileEncoding = 4; lastKnownFileType = sourcecode.swift; path = AV.swift; sourceTree = "<group>"; };
		DA0BC063251D5FCC0023B505 /* Camera.swift */ = {isa = PBXFileReference; fileEncoding = 4; lastKnownFileType = sourcecode.swift; path = Camera.swift; sourceTree = "<group>"; };
		DA0BC06B251D77670023B505 /* GameScene.swift */ = {isa = PBXFileReference; lastKnownFileType = sourcecode.swift; path = GameScene.swift; sourceTree = "<group>"; };
		DA324038251A726200E630F3 /* TextButton.swift */ = {isa = PBXFileReference; lastKnownFileType = sourcecode.swift; path = TextButton.swift; sourceTree = "<group>"; };
		DA32403C251A72B500E630F3 /* RepeatButton.swift */ = {isa = PBXFileReference; lastKnownFileType = sourcecode.swift; path = RepeatButton.swift; sourceTree = "<group>"; };
		DA32403F251A733400E630F3 /* WeightScale.swift */ = {isa = PBXFileReference; lastKnownFileType = sourcecode.swift; path = WeightScale.swift; sourceTree = "<group>"; };
		DA324047251A74A800E630F3 /* HomeView.swift */ = {isa = PBXFileReference; lastKnownFileType = sourcecode.swift; path = HomeView.swift; sourceTree = "<group>"; };
		DA3F71AF251E6B9F00C617F5 /* art.scnassets */ = {isa = PBXFileReference; lastKnownFileType = wrapper.scnassets; path = art.scnassets; sourceTree = "<group>"; };
		DA8F3EB72518091200AA9234 /* Balanca.app */ = {isa = PBXFileReference; explicitFileType = wrapper.application; includeInIndex = 0; path = Balanca.app; sourceTree = BUILT_PRODUCTS_DIR; };
		DA8F3EBA2518091200AA9234 /* BalancaApp.swift */ = {isa = PBXFileReference; lastKnownFileType = sourcecode.swift; path = BalancaApp.swift; sourceTree = "<group>"; };
		DA8F3EBC2518091200AA9234 /* ContentView.swift */ = {isa = PBXFileReference; lastKnownFileType = sourcecode.swift; path = ContentView.swift; sourceTree = "<group>"; };
		DA8F3EBE2518091400AA9234 /* Assets.xcassets */ = {isa = PBXFileReference; lastKnownFileType = folder.assetcatalog; path = Assets.xcassets; sourceTree = "<group>"; };
		DA8F3EC12518091400AA9234 /* Preview Assets.xcassets */ = {isa = PBXFileReference; lastKnownFileType = folder.assetcatalog; path = "Preview Assets.xcassets"; sourceTree = "<group>"; };
		DA8F3EC32518091400AA9234 /* Info.plist */ = {isa = PBXFileReference; lastKnownFileType = text.plist.xml; path = Info.plist; sourceTree = "<group>"; };
		DA953E0D251A66AE0058ED36 /* ARViewController.swift */ = {isa = PBXFileReference; lastKnownFileType = sourcecode.swift; path = ARViewController.swift; sourceTree = "<group>"; };
		DA96488C251E6D7E001B4CBF /* SKViewWrapper.swift */ = {isa = PBXFileReference; lastKnownFileType = sourcecode.swift; path = SKViewWrapper.swift; sourceTree = "<group>"; };
		DA964894251E6F03001B4CBF /* ARViewWrapper.swift */ = {isa = PBXFileReference; lastKnownFileType = sourcecode.swift; path = ARViewWrapper.swift; sourceTree = "<group>"; };
		DAA7DD3B252126480036666B /* Calculator.swift */ = {isa = PBXFileReference; lastKnownFileType = sourcecode.swift; path = Calculator.swift; sourceTree = "<group>"; };
		DAA7DD3F252127AE0036666B /* DAO.swift */ = {isa = PBXFileReference; lastKnownFileType = sourcecode.swift; path = DAO.swift; sourceTree = "<group>"; };
		DAA7DD4325212F500036666B /* SpriteKitView.swift */ = {isa = PBXFileReference; lastKnownFileType = sourcecode.swift; path = SpriteKitView.swift; sourceTree = "<group>"; };
/* End PBXFileReference section */

/* Begin PBXFrameworksBuildPhase section */
		DA8F3EB42518091200AA9234 /* Frameworks */ = {
			isa = PBXFrameworksBuildPhase;
			buildActionMask = 2147483647;
			files = (
			);
			runOnlyForDeploymentPostprocessing = 0;
		};
/* End PBXFrameworksBuildPhase section */

/* Begin PBXGroup section */
		DA0BC06A251D774F0023B505 /* SpriteKit */ = {
			isa = PBXGroup;
			children = (
				DA0BC06B251D77670023B505 /* GameScene.swift */,
				DA96488C251E6D7E001B4CBF /* SKViewWrapper.swift */,
			);
			path = SpriteKit;
			sourceTree = "<group>";
		};
		DA324037251A724D00E630F3 /* Componnents */ = {
			isa = PBXGroup;
			children = (
				DA324038251A726200E630F3 /* TextButton.swift */,
				DA32403C251A72B500E630F3 /* RepeatButton.swift */,
				DA32403F251A733400E630F3 /* WeightScale.swift */,
			);
			path = Componnents;
			sourceTree = "<group>";
		};
		DA8F3EAE2518091200AA9234 = {
			isa = PBXGroup;
			children = (
				DA8F3EB92518091200AA9234 /* Balanca */,
				DA8F3EB82518091200AA9234 /* Products */,
			);
			sourceTree = "<group>";
		};
		DA8F3EB82518091200AA9234 /* Products */ = {
			isa = PBXGroup;
			children = (
				DA8F3EB72518091200AA9234 /* Balanca.app */,
			);
			name = Products;
			sourceTree = "<group>";
		};
		DA8F3EB92518091200AA9234 /* Balanca */ = {
			isa = PBXGroup;
			children = (
				DA8F3EBA2518091200AA9234 /* BalancaApp.swift */,
				DA8F3EBC2518091200AA9234 /* ContentView.swift */,
				DA964890251E6E03001B4CBF /* Views */,
				DA0BC06A251D774F0023B505 /* SpriteKit */,
				DA964892251E6E59001B4CBF /* ARKit */,
				DA96488F251E6DF5001B4CBF /* Utils */,
				DA8F3EBE2518091400AA9234 /* Assets.xcassets */,
				DA3F71AF251E6B9F00C617F5 /* art.scnassets */,
				DA8F3EC32518091400AA9234 /* Info.plist */,
				DA8F3EC02518091400AA9234 /* Preview Content */,
			);
			path = Balanca;
			sourceTree = "<group>";
		};
		DA8F3EC02518091400AA9234 /* Preview Content */ = {
			isa = PBXGroup;
			children = (
				DA8F3EC12518091400AA9234 /* Preview Assets.xcassets */,
			);
			path = "Preview Content";
			sourceTree = "<group>";
		};
		DA96488F251E6DF5001B4CBF /* Utils */ = {
			isa = PBXGroup;
			children = (
				DAA7DD3F252127AE0036666B /* DAO.swift */,
				DAA7DD3B252126480036666B /* Calculator.swift */,
				DA0BC062251D5FCC0023B505 /* AV.swift */,
			);
			path = Utils;
			sourceTree = "<group>";
		};
		DA964890251E6E03001B4CBF /* Views */ = {
			isa = PBXGroup;
			children = (
				DA964891251E6E14001B4CBF /* Pages */,
				DA324037251A724D00E630F3 /* Componnents */,
			);
			path = Views;
			sourceTree = "<group>";
		};
		DA964891251E6E14001B4CBF /* Pages */ = {
			isa = PBXGroup;
			children = (
				DA324047251A74A800E630F3 /* HomeView.swift */,
				DAA7DD4325212F500036666B /* SpriteKitView.swift */,
				DA0BC063251D5FCC0023B505 /* Camera.swift */,
			);
			path = Pages;
			sourceTree = "<group>";
		};
		DA964892251E6E59001B4CBF /* ARKit */ = {
			isa = PBXGroup;
			children = (
				DA953E0D251A66AE0058ED36 /* ARViewController.swift */,
				DA964894251E6F03001B4CBF /* ARViewWrapper.swift */,
			);
			path = ARKit;
			sourceTree = "<group>";
		};
/* End PBXGroup section */

/* Begin PBXNativeTarget section */
		DA8F3EB62518091200AA9234 /* Balanca */ = {
			isa = PBXNativeTarget;
			buildConfigurationList = DA8F3EC62518091400AA9234 /* Build configuration list for PBXNativeTarget "Balanca" */;
			buildPhases = (
				DA8F3EB32518091200AA9234 /* Sources */,
				DA8F3EB42518091200AA9234 /* Frameworks */,
				DA8F3EB52518091200AA9234 /* Resources */,
			);
			buildRules = (
			);
			dependencies = (
			);
			name = Balanca;
			productName = Balanca;
			productReference = DA8F3EB72518091200AA9234 /* Balanca.app */;
			productType = "com.apple.product-type.application";
		};
/* End PBXNativeTarget section */

/* Begin PBXProject section */
		DA8F3EAF2518091200AA9234 /* Project object */ = {
			isa = PBXProject;
			attributes = {
				LastSwiftUpdateCheck = 1200;
				LastUpgradeCheck = 1200;
				TargetAttributes = {
					DA8F3EB62518091200AA9234 = {
						CreatedOnToolsVersion = 12.0;
					};
				};
			};
			buildConfigurationList = DA8F3EB22518091200AA9234 /* Build configuration list for PBXProject "Balanca" */;
			compatibilityVersion = "Xcode 9.3";
			developmentRegion = en;
			hasScannedForEncodings = 0;
			knownRegions = (
				en,
				Base,
			);
			mainGroup = DA8F3EAE2518091200AA9234;
			productRefGroup = DA8F3EB82518091200AA9234 /* Products */;
			projectDirPath = "";
			projectRoot = "";
			targets = (
				DA8F3EB62518091200AA9234 /* Balanca */,
			);
		};
/* End PBXProject section */

/* Begin PBXResourcesBuildPhase section */
		DA8F3EB52518091200AA9234 /* Resources */ = {
			isa = PBXResourcesBuildPhase;
			buildActionMask = 2147483647;
			files = (
				DA8F3EC22518091400AA9234 /* Preview Assets.xcassets in Resources */,
				DA3F71B0251E6B9F00C617F5 /* art.scnassets in Resources */,
				DA8F3EBF2518091400AA9234 /* Assets.xcassets in Resources */,
			);
			runOnlyForDeploymentPostprocessing = 0;
		};
/* End PBXResourcesBuildPhase section */

/* Begin PBXSourcesBuildPhase section */
		DA8F3EB32518091200AA9234 /* Sources */ = {
			isa = PBXSourcesBuildPhase;
			buildActionMask = 2147483647;
			files = (
				DAA7DD40252127AE0036666B /* DAO.swift in Sources */,
				DA324039251A726200E630F3 /* TextButton.swift in Sources */,
				DA324048251A74A800E630F3 /* HomeView.swift in Sources */,
				DA0BC064251D5FCC0023B505 /* AV.swift in Sources */,
				DA8F3EBD2518091200AA9234 /* ContentView.swift in Sources */,
				DA8F3EBB2518091200AA9234 /* BalancaApp.swift in Sources */,
				DAA7DD3C252126480036666B /* Calculator.swift in Sources */,
				DA964895251E6F03001B4CBF /* ARViewWrapper.swift in Sources */,
				DA953E0E251A66AE0058ED36 /* ARViewController.swift in Sources */,
				DAA7DD4425212F500036666B /* SpriteKitView.swift in Sources */,
				DA96488D251E6D7E001B4CBF /* SKViewWrapper.swift in Sources */,
				DA324040251A733400E630F3 /* WeightScale.swift in Sources */,
				DA0BC06C251D77670023B505 /* GameScene.swift in Sources */,
				DA32403D251A72B500E630F3 /* RepeatButton.swift in Sources */,
				DA0BC065251D5FCC0023B505 /* Camera.swift in Sources */,
			);
			runOnlyForDeploymentPostprocessing = 0;
		};
/* End PBXSourcesBuildPhase section */

/* Begin XCBuildConfiguration section */
		DA8F3EC42518091400AA9234 /* Debug */ = {
			isa = XCBuildConfiguration;
			buildSettings = {
				ALWAYS_SEARCH_USER_PATHS = NO;
				CLANG_ANALYZER_NONNULL = YES;
				CLANG_ANALYZER_NUMBER_OBJECT_CONVERSION = YES_AGGRESSIVE;
				CLANG_CXX_LANGUAGE_STANDARD = "gnu++14";
				CLANG_CXX_LIBRARY = "libc++";
				CLANG_ENABLE_MODULES = YES;
				CLANG_ENABLE_OBJC_ARC = YES;
				CLANG_ENABLE_OBJC_WEAK = YES;
				CLANG_WARN_BLOCK_CAPTURE_AUTORELEASING = YES;
				CLANG_WARN_BOOL_CONVERSION = YES;
				CLANG_WARN_COMMA = YES;
				CLANG_WARN_CONSTANT_CONVERSION = YES;
				CLANG_WARN_DEPRECATED_OBJC_IMPLEMENTATIONS = YES;
				CLANG_WARN_DIRECT_OBJC_ISA_USAGE = YES_ERROR;
				CLANG_WARN_DOCUMENTATION_COMMENTS = YES;
				CLANG_WARN_EMPTY_BODY = YES;
				CLANG_WARN_ENUM_CONVERSION = YES;
				CLANG_WARN_INFINITE_RECURSION = YES;
				CLANG_WARN_INT_CONVERSION = YES;
				CLANG_WARN_NON_LITERAL_NULL_CONVERSION = YES;
				CLANG_WARN_OBJC_IMPLICIT_RETAIN_SELF = YES;
				CLANG_WARN_OBJC_LITERAL_CONVERSION = YES;
				CLANG_WARN_OBJC_ROOT_CLASS = YES_ERROR;
				CLANG_WARN_QUOTED_INCLUDE_IN_FRAMEWORK_HEADER = YES;
				CLANG_WARN_RANGE_LOOP_ANALYSIS = YES;
				CLANG_WARN_STRICT_PROTOTYPES = YES;
				CLANG_WARN_SUSPICIOUS_MOVE = YES;
				CLANG_WARN_UNGUARDED_AVAILABILITY = YES_AGGRESSIVE;
				CLANG_WARN_UNREACHABLE_CODE = YES;
				CLANG_WARN__DUPLICATE_METHOD_MATCH = YES;
				COPY_PHASE_STRIP = NO;
				DEBUG_INFORMATION_FORMAT = dwarf;
				ENABLE_STRICT_OBJC_MSGSEND = YES;
				ENABLE_TESTABILITY = YES;
				GCC_C_LANGUAGE_STANDARD = gnu11;
				GCC_DYNAMIC_NO_PIC = NO;
				GCC_NO_COMMON_BLOCKS = YES;
				GCC_OPTIMIZATION_LEVEL = 0;
				GCC_PREPROCESSOR_DEFINITIONS = (
					"DEBUG=1",
					"$(inherited)",
				);
				GCC_WARN_64_TO_32_BIT_CONVERSION = YES;
				GCC_WARN_ABOUT_RETURN_TYPE = YES_ERROR;
				GCC_WARN_UNDECLARED_SELECTOR = YES;
				GCC_WARN_UNINITIALIZED_AUTOS = YES_AGGRESSIVE;
				GCC_WARN_UNUSED_FUNCTION = YES;
				GCC_WARN_UNUSED_VARIABLE = YES;
				IPHONEOS_DEPLOYMENT_TARGET = 14.0;
				MTL_ENABLE_DEBUG_INFO = INCLUDE_SOURCE;
				MTL_FAST_MATH = YES;
				ONLY_ACTIVE_ARCH = YES;
				SDKROOT = iphoneos;
				SWIFT_ACTIVE_COMPILATION_CONDITIONS = DEBUG;
				SWIFT_OPTIMIZATION_LEVEL = "-Onone";
			};
			name = Debug;
		};
		DA8F3EC52518091400AA9234 /* Release */ = {
			isa = XCBuildConfiguration;
			buildSettings = {
				ALWAYS_SEARCH_USER_PATHS = NO;
				CLANG_ANALYZER_NONNULL = YES;
				CLANG_ANALYZER_NUMBER_OBJECT_CONVERSION = YES_AGGRESSIVE;
				CLANG_CXX_LANGUAGE_STANDARD = "gnu++14";
				CLANG_CXX_LIBRARY = "libc++";
				CLANG_ENABLE_MODULES = YES;
				CLANG_ENABLE_OBJC_ARC = YES;
				CLANG_ENABLE_OBJC_WEAK = YES;
				CLANG_WARN_BLOCK_CAPTURE_AUTORELEASING = YES;
				CLANG_WARN_BOOL_CONVERSION = YES;
				CLANG_WARN_COMMA = YES;
				CLANG_WARN_CONSTANT_CONVERSION = YES;
				CLANG_WARN_DEPRECATED_OBJC_IMPLEMENTATIONS = YES;
				CLANG_WARN_DIRECT_OBJC_ISA_USAGE = YES_ERROR;
				CLANG_WARN_DOCUMENTATION_COMMENTS = YES;
				CLANG_WARN_EMPTY_BODY = YES;
				CLANG_WARN_ENUM_CONVERSION = YES;
				CLANG_WARN_INFINITE_RECURSION = YES;
				CLANG_WARN_INT_CONVERSION = YES;
				CLANG_WARN_NON_LITERAL_NULL_CONVERSION = YES;
				CLANG_WARN_OBJC_IMPLICIT_RETAIN_SELF = YES;
				CLANG_WARN_OBJC_LITERAL_CONVERSION = YES;
				CLANG_WARN_OBJC_ROOT_CLASS = YES_ERROR;
				CLANG_WARN_QUOTED_INCLUDE_IN_FRAMEWORK_HEADER = YES;
				CLANG_WARN_RANGE_LOOP_ANALYSIS = YES;
				CLANG_WARN_STRICT_PROTOTYPES = YES;
				CLANG_WARN_SUSPICIOUS_MOVE = YES;
				CLANG_WARN_UNGUARDED_AVAILABILITY = YES_AGGRESSIVE;
				CLANG_WARN_UNREACHABLE_CODE = YES;
				CLANG_WARN__DUPLICATE_METHOD_MATCH = YES;
				COPY_PHASE_STRIP = NO;
				DEBUG_INFORMATION_FORMAT = "dwarf-with-dsym";
				ENABLE_NS_ASSERTIONS = NO;
				ENABLE_STRICT_OBJC_MSGSEND = YES;
				GCC_C_LANGUAGE_STANDARD = gnu11;
				GCC_NO_COMMON_BLOCKS = YES;
				GCC_WARN_64_TO_32_BIT_CONVERSION = YES;
				GCC_WARN_ABOUT_RETURN_TYPE = YES_ERROR;
				GCC_WARN_UNDECLARED_SELECTOR = YES;
				GCC_WARN_UNINITIALIZED_AUTOS = YES_AGGRESSIVE;
				GCC_WARN_UNUSED_FUNCTION = YES;
				GCC_WARN_UNUSED_VARIABLE = YES;
				IPHONEOS_DEPLOYMENT_TARGET = 14.0;
				MTL_ENABLE_DEBUG_INFO = NO;
				MTL_FAST_MATH = YES;
				SDKROOT = iphoneos;
				SWIFT_COMPILATION_MODE = wholemodule;
				SWIFT_OPTIMIZATION_LEVEL = "-O";
				VALIDATE_PRODUCT = YES;
			};
			name = Release;
		};
		DA8F3EC72518091400AA9234 /* Debug */ = {
			isa = XCBuildConfiguration;
			buildSettings = {
				ASSETCATALOG_COMPILER_APPICON_NAME = AppIcon;
				ASSETCATALOG_COMPILER_GLOBAL_ACCENT_COLOR_NAME = AccentColor;
				CODE_SIGN_STYLE = Automatic;
				DEVELOPMENT_ASSET_PATHS = "\"Balanca/Preview Content\"";
				DEVELOPMENT_TEAM = P2F8K76LP8;
				ENABLE_PREVIEWS = YES;
				INFOPLIST_FILE = Balanca/Info.plist;
				IPHONEOS_DEPLOYMENT_TARGET = 14.0;
				LD_RUNPATH_SEARCH_PATHS = (
					"$(inherited)",
					"@executable_path/Frameworks",
				);
				PRODUCT_BUNDLE_IDENTIFIER = com.yuri.Balanca;
				PRODUCT_NAME = "$(TARGET_NAME)";
				SWIFT_VERSION = 5.0;
				TARGETED_DEVICE_FAMILY = "1,2";
			};
			name = Debug;
		};
		DA8F3EC82518091400AA9234 /* Release */ = {
			isa = XCBuildConfiguration;
			buildSettings = {
				ASSETCATALOG_COMPILER_APPICON_NAME = AppIcon;
				ASSETCATALOG_COMPILER_GLOBAL_ACCENT_COLOR_NAME = AccentColor;
				CODE_SIGN_STYLE = Automatic;
				DEVELOPMENT_ASSET_PATHS = "\"Balanca/Preview Content\"";
				DEVELOPMENT_TEAM = P2F8K76LP8;
				ENABLE_PREVIEWS = YES;
				INFOPLIST_FILE = Balanca/Info.plist;
				IPHONEOS_DEPLOYMENT_TARGET = 14.0;
				LD_RUNPATH_SEARCH_PATHS = (
					"$(inherited)",
					"@executable_path/Frameworks",
				);
				PRODUCT_BUNDLE_IDENTIFIER = com.yuri.Balanca;
				PRODUCT_NAME = "$(TARGET_NAME)";
				SWIFT_VERSION = 5.0;
				TARGETED_DEVICE_FAMILY = "1,2";
			};
			name = Release;
		};
/* End XCBuildConfiguration section */

/* Begin XCConfigurationList section */
		DA8F3EB22518091200AA9234 /* Build configuration list for PBXProject "Balanca" */ = {
			isa = XCConfigurationList;
			buildConfigurations = (
				DA8F3EC42518091400AA9234 /* Debug */,
				DA8F3EC52518091400AA9234 /* Release */,
			);
			defaultConfigurationIsVisible = 0;
			defaultConfigurationName = Release;
		};
		DA8F3EC62518091400AA9234 /* Build configuration list for PBXNativeTarget "Balanca" */ = {
			isa = XCConfigurationList;
			buildConfigurations = (
				DA8F3EC72518091400AA9234 /* Debug */,
				DA8F3EC82518091400AA9234 /* Release */,
			);
			defaultConfigurationIsVisible = 0;
			defaultConfigurationName = Release;
		};
/* End XCConfigurationList section */
	};
	rootObject = DA8F3EAF2518091200AA9234 /* Project object */;
}
